
Microsoft Visual Studio Solution File, Format Version 12.00
# Visual Studio Version 17
VisualStudioVersion = 17.7.34202.233
MinimumVisualStudioVersion = 10.0.40219.1
Project("{FAE04EC0-301F-11D3-BF4B-00C04F79EFBC}") = "Variables c#", "Variables c#\Variables c#.csproj", "{27E0E1B5-A3F8-49EF-A2F1-C112F95A88D9}"
EndProject
Global
	GlobalSection(SolutionConfigurationPlatforms) = preSolution
		Debug|Any CPU = Debug|Any CPU
		Release|Any CPU = Release|Any CPU
	EndGlobalSection
	GlobalSection(ProjectConfigurationPlatforms) = postSolution
		{27E0E1B5-A3F8-49EF-A2F1-C112F95A88D9}.Debug|Any CPU.ActiveCfg = Debug|Any CPU
		{27E0E1B5-A3F8-49EF-A2F1-C112F95A88D9}.Debug|Any CPU.Build.0 = Debug|Any CPU
		{27E0E1B5-A3F8-49EF-A2F1-C112F95A88D9}.Release|Any CPU.ActiveCfg = Release|Any CPU
		{27E0E1B5-A3F8-49EF-A2F1-C112F95A88D9}.Release|Any CPU.Build.0 = Release|Any CPU
	EndGlobalSection
	GlobalSection(SolutionProperties) = preSolution
		HideSolutionNode = FALSE
	EndGlobalSection
	GlobalSection(ExtensibilityGlobals) = postSolution
		SolutionGuid = {CEF8FC61-C775-41B9-99AB-90CD83B6B740}
	EndGlobalSection
EndGlobal
